{
  "name": "homebridge-somfy-rpitx",
  "version": "0.2.0",
  "lockfileVersion": 3,
  "requires": true,
  "packages": {
    "": {
      "name": "homebridge-somfy-rpitx",
      "version": "0.2.0",
      "license": "MIT",
      "engines": {
        "homebridge": "^1.8.0 || ^2.0.0",
        "node": "^20.0.0 || ^22.10.0 || ^24.0.0"
      }
    }
  }
}
